Microsoft Visual Studio Solution File, Format Version 11.00
# Visual Studio 2008

Project("{32B1EED7-9551-B100-C8B3-1978685626AF}") = "Phone Dodger", "Assembly-CSharp.csproj", "{D8248AC0-EC8E-8D06-469D-E20142B0E751}"
EndProject
Global
	GlobalSection(SolutionConfigurationPlatforms) = preSolution
		Debug|Any CPU = Debug|Any CPU
		Release|Any CPU = Release|Any CPU
	EndGlobalSection
	GlobalSection(ProjectConfigurationPlatforms) = postSolution
		{D8248AC0-EC8E-8D06-469D-E20142B0E751}.Debug|Any CPU.ActiveCfg = Debug|Any CPU
		{D8248AC0-EC8E-8D06-469D-E20142B0E751}.Debug|Any CPU.Build.0 = Debug|Any CPU
		{D8248AC0-EC8E-8D06-469D-E20142B0E751}.Release|Any CPU.ActiveCfg = Release|Any CPU
		{D8248AC0-EC8E-8D06-469D-E20142B0E751}.Release|Any CPU.Build.0 = Release|Any CPU
	EndGlobalSection
	GlobalSection(SolutionProperties) = preSolution
		HideSolutionNode = FALSE
	EndGlobalSection
										GlobalSection(MonoDevelopProperties) = preSolution
		StartupItem = Assembly-CSharp.csproj
		Policies = $0
		$0.TextStylePolicy = $1
		$1.inheritsSet = null
		$1.scope = text/x-csharp
		$0.CSharpFormattingPolicy = $2
		$2.inheritsSet = Mono
		$2.inheritsScope = text/x-csharp
		$2.scope = text/x-csharp
		$0.TextStylePolicy = $3
		$3.FileWidth = 120
		$3.TabWidth = 4
		$3.IndentWidth = 4
		$3.EolMarker = Unix
		$3.inheritsSet = Mono
		$3.inheritsScope = text/plain
		$3.scope = text/plain
	EndGlobalSection

EndGlobal
